
Microsoft Visual Studio Solution File, Format Version 12.00
# Visual Studio Version 16
VisualStudioVersion = 16.0.30320.27
MinimumVisualStudioVersion = 10.0.40219.1
Project("{FAE04EC0-301F-11D3-BF4B-00C04F79EFBC}") = "BoardAppCore", "BoardAppCore\BoardAppCore.csproj", "{A6C9A494-7719-433C-ACF1-54B2BFFA4F00}"
EndProject
Global
	GlobalSection(SolutionConfigurationPlatforms) = preSolution
		Debug|Any CPU = Debug|Any CPU
		Release|Any CPU = Release|Any CPU
	EndGlobalSection
	GlobalSection(ProjectConfigurationPlatforms) = postSolution
		{A6C9A494-7719-433C-ACF1-54B2BFFA4F00}.Debug|Any CPU.ActiveCfg = Debug|Any CPU
		{A6C9A494-7719-433C-ACF1-54B2BFFA4F00}.Debug|Any CPU.Build.0 = Debug|Any CPU
		{A6C9A494-7719-433C-ACF1-54B2BFFA4F00}.Release|Any CPU.ActiveCfg = Release|Any CPU
		{A6C9A494-7719-433C-ACF1-54B2BFFA4F00}.Release|Any CPU.Build.0 = Release|Any CPU
	EndGlobalSection
	GlobalSection(SolutionProperties) = preSolution
		HideSolutionNode = FALSE
	EndGlobalSection
	GlobalSection(ExtensibilityGlobals) = postSolution
		SolutionGuid = {BCBEA6AC-F72F-4877-9B0D-5FB9C1AD17EB}
	EndGlobalSection
EndGlobal
